// !$*UTF8*$!
{
	archiveVersion = 1;
	classes = {
	};
	objectVersion = 46;
	objects = {

/* Begin PBXBuildFile section */
		BC340DB11F060EE300BCD4F0 /* main.c in Sources */ = {isa = PBXBuildFile; fileRef = BC340DB01F060EE300BCD4F0 /* main.c */; };
		BC340DB51F060EEA00BCD4F0 /* libMxzyStorage.a in Frameworks */ = {isa = PBXBuildFile; fileRef = BC37740A1F04B5AB008DA070 /* libMxzyStorage.a */; };
		BC3774221F04B5C5008DA070 /* AllGoodsInfo.h in Headers */ = {isa = PBXBuildFile; fileRef = BC3774131F04B5C5008DA070 /* AllGoodsInfo.h */; };
		BC3774231F04B5C5008DA070 /* AllToolsInfo.h in Headers */ = {isa = PBXBuildFile; fileRef = BC3774141F04B5C5008DA070 /* AllToolsInfo.h */; };
		BC3774241F04B5C5008DA070 /* CharacterRow.h in Headers */ = {isa = PBXBuildFile; fileRef = BC3774151F04B5C5008DA070 /* CharacterRow.h */; };
		BC3774251F04B5C5008DA070 /* CharacterTable.h in Headers */ = {isa = PBXBuildFile; fileRef = BC3774161F04B5C5008DA070 /* CharacterTable.h */; };
		BC3774261F04B5C5008DA070 /* CropTable.h in Headers */ = {isa = PBXBuildFile; fileRef = BC3774171F04B5C5008DA070 /* CropTable.h */; };
		BC3774271F04B5C5008DA070 /* error.h in Headers */ = {isa = PBXBuildFile; fileRef = BC3774181F04B5C5008DA070 /* error.h */; };
		BC3774281F04B5C5008DA070 /* GlobalInfo.h in Headers */ = {isa = PBXBuildFile; fileRef = BC3774191F04B5C5008DA070 /* GlobalInfo.h */; };
		BC3774291F04B5C5008DA070 /* GoodsBagInfo.h in Headers */ = {isa = PBXBuildFile; fileRef = BC37741A1F04B5C5008DA070 /* GoodsBagInfo.h */; };
		BC37742A1F04B5C5008DA070 /* ToolsBagInfo.h in Headers */ = {isa = PBXBuildFile; fileRef = BC37741B1F04B5C5008DA070 /* ToolsBagInfo.h */; };
		BC37742B1F04B5C5008DA070 /* EnterData.c in Sources */ = {isa = PBXBuildFile; fileRef = BC37741C1F04B5C5008DA070 /* EnterData.c */; };
		BC37742C1F04B5C5008DA070 /* EnterData.h in Headers */ = {isa = PBXBuildFile; fileRef = BC37741D1F04B5C5008DA070 /* EnterData.h */; };
		BC37742D1F04B5C5008DA070 /* MxzyDatabase.c in Sources */ = {isa = PBXBuildFile; fileRef = BC37741E1F04B5C5008DA070 /* MxzyDatabase.c */; };
		BC37742E1F04B5C5008DA070 /* MxzyDatabase.h in Headers */ = {isa = PBXBuildFile; fileRef = BC37741F1F04B5C5008DA070 /* MxzyDatabase.h */; };
/* End PBXBuildFile section */

/* Begin PBXCopyFilesBuildPhase section */
		BC340DAC1F060EE300BCD4F0 /* CopyFiles */ = {
			isa = PBXCopyFilesBuildPhase;
			buildActionMask = 2147483647;
			dstPath = /usr/share/man/man1/;
			dstSubfolderSpec = 0;
			files = (
			);
			runOnlyForDeploymentPostprocessing = 1;
		};
/* End PBXCopyFilesBuildPhase section */

/* Begin PBXFileReference section */
		BC340DA91F060DEE00BCD4F0 /* Spring.h */ = {isa = PBXFileReference; lastKnownFileType = sourcecode.c.h; path = Spring.h; sourceTree = "<group>"; };
		BC340DAE1F060EE300BCD4F0 /* db_test */ = {isa = PBXFileReference; explicitFileType = "compiled.mach-o.executable"; includeInIndex = 0; path = db_test; sourceTree = BUILT_PRODUCTS_DIR; };
		BC340DB01F060EE300BCD4F0 /* main.c */ = {isa = PBXFileReference; lastKnownFileType = sourcecode.c.c; path = main.c; sourceTree = "<group>"; };
		BC37740A1F04B5AB008DA070 /* libMxzyStorage.a */ = {isa = PBXFileReference; explicitFileType = archive.ar; includeInIndex = 0; path = libMxzyStorage.a; sourceTree = BUILT_PRODUCTS_DIR; };
		BC3774131F04B5C5008DA070 /* AllGoodsInfo.h */ = {isa = PBXFileReference; fileEncoding = 4; lastKnownFileType = sourcecode.c.h; path = AllGoodsInfo.h; sourceTree = "<group>"; };
		BC3774141F04B5C5008DA070 /* AllToolsInfo.h */ = {isa = PBXFileReference; fileEncoding = 4; lastKnownFileType = sourcecode.c.h; path = AllToolsInfo.h; sourceTree = "<group>"; };
		BC3774151F04B5C5008DA070 /* CharacterRow.h */ = {isa = PBXFileReference; fileEncoding = 4; lastKnownFileType = sourcecode.c.h; path = CharacterRow.h; sourceTree = "<group>"; };
		BC3774161F04B5C5008DA070 /* CharacterTable.h */ = {isa = PBXFileReference; fileEncoding = 4; lastKnownFileType = sourcecode.c.h; path = CharacterTable.h; sourceTree = "<group>"; };
		BC3774171F04B5C5008DA070 /* CropTable.h */ = {isa = PBXFileReference; fileEncoding = 4; lastKnownFileType = sourcecode.c.h; path = CropTable.h; sourceTree = "<group>"; };
		BC3774181F04B5C5008DA070 /* error.h */ = {isa = PBXFileReference; fileEncoding = 4; lastKnownFileType = sourcecode.c.h; path = error.h; sourceTree = "<group>"; };
		BC3774191F04B5C5008DA070 /* GlobalInfo.h */ = {isa = PBXFileReference; fileEncoding = 4; lastKnownFileType = sourcecode.c.h; path = GlobalInfo.h; sourceTree = "<group>"; };
		BC37741A1F04B5C5008DA070 /* GoodsBagInfo.h */ = {isa = PBXFileReference; fileEncoding = 4; lastKnownFileType = sourcecode.c.h; path = GoodsBagInfo.h; sourceTree = "<group>"; };
		BC37741B1F04B5C5008DA070 /* ToolsBagInfo.h */ = {isa = PBXFileReference; fileEncoding = 4; lastKnownFileType = sourcecode.c.h; path = ToolsBagInfo.h; sourceTree = "<group>"; };
		BC37741C1F04B5C5008DA070 /* EnterData.c */ = {isa = PBXFileReference; fileEncoding = 4; lastKnownFileType = sourcecode.c.c; path = EnterData.c; sourceTree = "<group>"; };
		BC37741D1F04B5C5008DA070 /* EnterData.h */ = {isa = PBXFileReference; fileEncoding = 4; lastKnownFileType = sourcecode.c.h; path = EnterData.h; sourceTree = "<group>"; };
		BC37741E1F04B5C5008DA070 /* MxzyDatabase.c */ = {isa = PBXFileReference; fileEncoding = 4; lastKnownFileType = sourcecode.c.c; path = MxzyDatabase.c; sourceTree = "<group>"; };
		BC37741F1F04B5C5008DA070 /* MxzyDatabase.h */ = {isa = PBXFileReference; fileEncoding = 4; lastKnownFileType = sourcecode.c.h; path = MxzyDatabase.h; sourceTree = "<group>"; };
/* End PBXFileReference section */

/* Begin PBXFrameworksBuildPhase section */
		BC340DAB1F060EE300BCD4F0 /* Frameworks */ = {
			isa = PBXFrameworksBuildPhase;
			buildActionMask = 2147483647;
			files = (
				BC340DB51F060EEA00BCD4F0 /* libMxzyStorage.a in Frameworks */,
			);
			runOnlyForDeploymentPostprocessing = 0;
		};
		BC3774071F04B5AB008DA070 /* Frameworks */ = {
			isa = PBXFrameworksBuildPhase;
			buildActionMask = 2147483647;
			files = (
			);
			runOnlyForDeploymentPostprocessing = 0;
		};
/* End PBXFrameworksBuildPhase section */

/* Begin PBXGroup section */
		BC340DAF1F060EE300BCD4F0 /* db_test */ = {
			isa = PBXGroup;
			children = (
				BC340DB01F060EE300BCD4F0 /* main.c */,
			);
			path = db_test;
			sourceTree = "<group>";
		};
		BC3774011F04B5AB008DA070 = {
			isa = PBXGroup;
			children = (
				BC3774111F04B5C5008DA070 /* database */,
				BC340DAF1F060EE300BCD4F0 /* db_test */,
				BC37740B1F04B5AB008DA070 /* Products */,
			);
			sourceTree = "<group>";
		};
		BC37740B1F04B5AB008DA070 /* Products */ = {
			isa = PBXGroup;
			children = (
				BC37740A1F04B5AB008DA070 /* libMxzyStorage.a */,
				BC340DAE1F060EE300BCD4F0 /* db_test */,
			);
			name = Products;
			sourceTree = "<group>";
		};
		BC3774111F04B5C5008DA070 /* database */ = {
			isa = PBXGroup;
			children = (
				BC3774121F04B5C5008DA070 /* definer */,
				BC37741C1F04B5C5008DA070 /* EnterData.c */,
				BC37741D1F04B5C5008DA070 /* EnterData.h */,
				BC37741E1F04B5C5008DA070 /* MxzyDatabase.c */,
				BC37741F1F04B5C5008DA070 /* MxzyDatabase.h */,
			);
			path = database;
			sourceTree = "<group>";
		};
		BC3774121F04B5C5008DA070 /* definer */ = {
			isa = PBXGroup;
			children = (
				BC3774181F04B5C5008DA070 /* error.h */,
				BC3774401F04B76E008DA070 /* CharacterTable */,
				BC3774411F04B77A008DA070 /* GlobalInfo */,
			);
			path = definer;
			sourceTree = "<group>";
		};
		BC3774401F04B76E008DA070 /* CharacterTable */ = {
			isa = PBXGroup;
			children = (
				BC3774151F04B5C5008DA070 /* CharacterRow.h */,
				BC3774161F04B5C5008DA070 /* CharacterTable.h */,
			);
			name = CharacterTable;
			sourceTree = "<group>";
		};
		BC3774411F04B77A008DA070 /* GlobalInfo */ = {
			isa = PBXGroup;
			children = (
				BC3774191F04B5C5008DA070 /* GlobalInfo.h */,
				BC37741A1F04B5C5008DA070 /* GoodsBagInfo.h */,
				BC37741B1F04B5C5008DA070 /* ToolsBagInfo.h */,
				BC3774131F04B5C5008DA070 /* AllGoodsInfo.h */,
				BC3774141F04B5C5008DA070 /* AllToolsInfo.h */,
				BC3774171F04B5C5008DA070 /* CropTable.h */,
				BC340DA91F060DEE00BCD4F0 /* Spring.h */,
			);
			name = GlobalInfo;
			sourceTree = "<group>";
		};
/* End PBXGroup section */

/* Begin PBXHeadersBuildPhase section */
		BC3774081F04B5AB008DA070 /* Headers */ = {
			isa = PBXHeadersBuildPhase;
			buildActionMask = 2147483647;
			files = (
				BC3774261F04B5C5008DA070 /* CropTable.h in Headers */,
				BC3774231F04B5C5008DA070 /* AllToolsInfo.h in Headers */,
				BC3774221F04B5C5008DA070 /* AllGoodsInfo.h in Headers */,
				BC37742E1F04B5C5008DA070 /* MxzyDatabase.h in Headers */,
				BC37742C1F04B5C5008DA070 /* EnterData.h in Headers */,
				BC3774271F04B5C5008DA070 /* error.h in Headers */,
				BC3774241F04B5C5008DA070 /* CharacterRow.h in Headers */,
				BC3774251F04B5C5008DA070 /* CharacterTable.h in Headers */,
				BC37742A1F04B5C5008DA070 /* ToolsBagInfo.h in Headers */,
				BC3774291F04B5C5008DA070 /* GoodsBagInfo.h in Headers */,
				BC3774281F04B5C5008DA070 /* GlobalInfo.h in Headers */,
			);
			runOnlyForDeploymentPostprocessing = 0;
		};
/* End PBXHeadersBuildPhase section */

/* Begin PBXNativeTarget section */
		BC340DAD1F060EE300BCD4F0 /* db_test */ = {
			isa = PBXNativeTarget;
			buildConfigurationList = BC340DB21F060EE300BCD4F0 /* Build configuration list for PBXNativeTarget "db_test" */;
			buildPhases = (
				BC340DAA1F060EE300BCD4F0 /* Sources */,
				BC340DAB1F060EE300BCD4F0 /* Frameworks */,
				BC340DAC1F060EE300BCD4F0 /* CopyFiles */,
			);
			buildRules = (
			);
			dependencies = (
			);
			name = db_test;
			productName = db_test;
			productReference = BC340DAE1F060EE300BCD4F0 /* db_test */;
			productType = "com.apple.product-type.tool";
		};
		BC3774091F04B5AB008DA070 /* MxzyStorage */ = {
			isa = PBXNativeTarget;
			buildConfigurationList = BC37740E1F04B5AB008DA070 /* Build configuration list for PBXNativeTarget "MxzyStorage" */;
			buildPhases = (
				BC3774061F04B5AB008DA070 /* Sources */,
				BC3774071F04B5AB008DA070 /* Frameworks */,
				BC3774081F04B5AB008DA070 /* Headers */,
			);
			buildRules = (
			);
			dependencies = (
			);
			name = MxzyStorage;
			productName = MxzyStorage;
			productReference = BC37740A1F04B5AB008DA070 /* libMxzyStorage.a */;
			productType = "com.apple.product-type.library.static";
		};
/* End PBXNativeTarget section */

/* Begin PBXProject section */
		BC3774021F04B5AB008DA070 /* Project object */ = {
			isa = PBXProject;
			attributes = {
				LastUpgradeCheck = 0820;
				ORGANIZATIONNAME = "Wenjin Zhang";
				TargetAttributes = {
					BC340DAD1F060EE300BCD4F0 = {
						CreatedOnToolsVersion = 8.2.1;
						ProvisioningStyle = Automatic;
					};
					BC3774091F04B5AB008DA070 = {
						CreatedOnToolsVersion = 8.2.1;
						ProvisioningStyle = Automatic;
					};
				};
			};
			buildConfigurationList = BC3774051F04B5AB008DA070 /* Build configuration list for PBXProject "MxzyStorage" */;
			compatibilityVersion = "Xcode 3.2";
			developmentRegion = English;
			hasScannedForEncodings = 0;
			knownRegions = (
				en,
			);
			mainGroup = BC3774011F04B5AB008DA070;
			productRefGroup = BC37740B1F04B5AB008DA070 /* Products */;
			projectDirPath = "";
			projectRoot = "";
			targets = (
				BC3774091F04B5AB008DA070 /* MxzyStorage */,
				BC340DAD1F060EE300BCD4F0 /* db_test */,
			);
		};
/* End PBXProject section */

/* Begin PBXSourcesBuildPhase section */
		BC340DAA1F060EE300BCD4F0 /* Sources */ = {
			isa = PBXSourcesBuildPhase;
			buildActionMask = 2147483647;
			files = (
				BC340DB11F060EE300BCD4F0 /* main.c in Sources */,
			);
			runOnlyForDeploymentPostprocessing = 0;
		};
		BC3774061F04B5AB008DA070 /* Sources */ = {
			isa = PBXSourcesBuildPhase;
			buildActionMask = 2147483647;
			files = (
				BC37742D1F04B5C5008DA070 /* MxzyDatabase.c in Sources */,
				BC37742B1F04B5C5008DA070 /* EnterData.c in Sources */,
			);
			runOnlyForDeploymentPostprocessing = 0;
		};
/* End PBXSourcesBuildPhase section */

/* Begin XCBuildConfiguration section */
		BC340DB31F060EE300BCD4F0 /* Debug */ = {
			isa = XCBuildConfiguration;
			buildSettings = {
				PRODUCT_NAME = "$(TARGET_NAME)";
			};
			name = Debug;
		};
		BC340DB41F060EE300BCD4F0 /* Release */ = {
			isa = XCBuildConfiguration;
			buildSettings = {
				PRODUCT_NAME = "$(TARGET_NAME)";
			};
			name = Release;
		};
		BC37740C1F04B5AB008DA070 /* Debug */ = {
			isa = XCBuildConfiguration;
			buildSettings = {
				ALWAYS_SEARCH_USER_PATHS = NO;
				CLANG_ANALYZER_NONNULL = YES;
				CLANG_CXX_LANGUAGE_STANDARD = "gnu++0x";
				CLANG_CXX_LIBRARY = "libc++";
				CLANG_ENABLE_MODULES = YES;
				CLANG_ENABLE_OBJC_ARC = YES;
				CLANG_WARN_BOOL_CONVERSION = YES;
				CLANG_WARN_CONSTANT_CONVERSION = YES;
				CLANG_WARN_DIRECT_OBJC_ISA_USAGE = YES_ERROR;
				CLANG_WARN_DOCUMENTATION_COMMENTS = YES;
				CLANG_WARN_EMPTY_BODY = YES;
				CLANG_WARN_ENUM_CONVERSION = YES;
				CLANG_WARN_INFINITE_RECURSION = YES;
				CLANG_WARN_INT_CONVERSION = YES;
				CLANG_WARN_OBJC_ROOT_CLASS = YES_ERROR;
				CLANG_WARN_SUSPICIOUS_MOVE = YES;
				CLANG_WARN_UNREACHABLE_CODE = YES;
				CLANG_WARN__DUPLICATE_METHOD_MATCH = YES;
				CODE_SIGN_IDENTITY = "-";
				COPY_PHASE_STRIP = NO;
				DEBUG_INFORMATION_FORMAT = dwarf;
				ENABLE_STRICT_OBJC_MSGSEND = YES;
				ENABLE_TESTABILITY = YES;
				GCC_C_LANGUAGE_STANDARD = gnu99;
				GCC_DYNAMIC_NO_PIC = NO;
				GCC_NO_COMMON_BLOCKS = YES;
				GCC_OPTIMIZATION_LEVEL = 0;
				GCC_PREPROCESSOR_DEFINITIONS = (
					"DEBUG=1",
					"$(inherited)",
				);
				GCC_WARN_64_TO_32_BIT_CONVERSION = YES;
				GCC_WARN_ABOUT_RETURN_TYPE = YES_ERROR;
				GCC_WARN_UNDECLARED_SELECTOR = YES;
				GCC_WARN_UNINITIALIZED_AUTOS = YES_AGGRESSIVE;
				GCC_WARN_UNUSED_FUNCTION = YES;
				GCC_WARN_UNUSED_VARIABLE = YES;
				MACOSX_DEPLOYMENT_TARGET = 10.12;
				MTL_ENABLE_DEBUG_INFO = YES;
				ONLY_ACTIVE_ARCH = YES;
				SDKROOT = macosx;
			};
			name = Debug;
		};
		BC37740D1F04B5AB008DA070 /* Release */ = {
			isa = XCBuildConfiguration;
			buildSettings = {
				ALWAYS_SEARCH_USER_PATHS = NO;
				CLANG_ANALYZER_NONNULL = YES;
				CLANG_CXX_LANGUAGE_STANDARD = "gnu++0x";
				CLANG_CXX_LIBRARY = "libc++";
				CLANG_ENABLE_MODULES = YES;
				CLANG_ENABLE_OBJC_ARC = YES;
				CLANG_WARN_BOOL_CONVERSION = YES;
				CLANG_WARN_CONSTANT_CONVERSION = YES;
				CLANG_WARN_DIRECT_OBJC_ISA_USAGE = YES_ERROR;
				CLANG_WARN_DOCUMENTATION_COMMENTS = YES;
				CLANG_WARN_EMPTY_BODY = YES;
				CLANG_WARN_ENUM_CONVERSION = YES;
				CLANG_WARN_INFINITE_RECURSION = YES;
				CLANG_WARN_INT_CONVERSION = YES;
				CLANG_WARN_OBJC_ROOT_CLASS = YES_ERROR;
				CLANG_WARN_SUSPICIOUS_MOVE = YES;
				CLANG_WARN_UNREACHABLE_CODE = YES;
				CLANG_WARN__DUPLICATE_METHOD_MATCH = YES;
				CODE_SIGN_IDENTITY = "-";
				COPY_PHASE_STRIP = NO;
				DEBUG_INFORMATION_FORMAT = "dwarf-with-dsym";
				ENABLE_NS_ASSERTIONS = NO;
				ENABLE_STRICT_OBJC_MSGSEND = YES;
				GCC_C_LANGUAGE_STANDARD = gnu99;
				GCC_NO_COMMON_BLOCKS = YES;
				GCC_WARN_64_TO_32_BIT_CONVERSION = YES;
				GCC_WARN_ABOUT_RETURN_TYPE = YES_ERROR;
				GCC_WARN_UNDECLARED_SELECTOR = YES;
				GCC_WARN_UNINITIALIZED_AUTOS = YES_AGGRESSIVE;
				GCC_WARN_UNUSED_FUNCTION = YES;
				GCC_WARN_UNUSED_VARIABLE = YES;
				MACOSX_DEPLOYMENT_TARGET = 10.12;
				MTL_ENABLE_DEBUG_INFO = NO;
				SDKROOT = macosx;
			};
			name = Release;
		};
		BC37740F1F04B5AB008DA070 /* Debug */ = {
			isa = XCBuildConfiguration;
			buildSettings = {
				EXECUTABLE_PREFIX = lib;
				PRODUCT_NAME = "$(TARGET_NAME)";
			};
			name = Debug;
		};
		BC3774101F04B5AB008DA070 /* Release */ = {
			isa = XCBuildConfiguration;
			buildSettings = {
				EXECUTABLE_PREFIX = lib;
				PRODUCT_NAME = "$(TARGET_NAME)";
			};
			name = Release;
		};
/* End XCBuildConfiguration section */

/* Begin XCConfigurationList section */
		BC340DB21F060EE300BCD4F0 /* Build configuration list for PBXNativeTarget "db_test" */ = {
			isa = XCConfigurationList;
			buildConfigurations = (
				BC340DB31F060EE300BCD4F0 /* Debug */,
				BC340DB41F060EE300BCD4F0 /* Release */,
			);
			defaultConfigurationIsVisible = 0;
		};
		BC3774051F04B5AB008DA070 /* Build configuration list for PBXProject "MxzyStorage" */ = {
			isa = XCConfigurationList;
			buildConfigurations = (
				BC37740C1F04B5AB008DA070 /* Debug */,
				BC37740D1F04B5AB008DA070 /* Release */,
			);
			defaultConfigurationIsVisible = 0;
			defaultConfigurationName = Release;
		};
		BC37740E1F04B5AB008DA070 /* Build configuration list for PBXNativeTarget "MxzyStorage" */ = {
			isa = XCConfigurationList;
			buildConfigurations = (
				BC37740F1F04B5AB008DA070 /* Debug */,
				BC3774101F04B5AB008DA070 /* Release */,
			);
			defaultConfigurationIsVisible = 0;
			defaultConfigurationName = Release;
		};
/* End XCConfigurationList section */
	};
	rootObject = BC3774021F04B5AB008DA070 /* Project object */;
}
